{
    "_readme": [
        "This file locks the dependencies of your project to a known state",
        "Read more about it at https://getcomposer.org/doc/01-basic-usage.md#installing-dependencies",
        "This file is @generated automatically"
    ],
    "content-hash": "4dc365c962f4cec6a81fa3d1c4a0fffa",
    "packages": [
        {
            "name": "envms/fluentpdo",
            "version": "v2.2.4",
            "source": {
                "type": "git",
                "url": "https://github.com/envms/fluentpdo.git",
                "reference": "1985e0e8406a56140f387bc9bec786b419cbeccc"
            },
            "dist": {
                "type": "zip",
                "url": "https://api.github.com/repos/envms/fluentpdo/zipball/1985e0e8406a56140f387bc9bec786b419cbeccc",
                "reference": "1985e0e8406a56140f387bc9bec786b419cbeccc",
                "shasum": ""
            },
            "require": {
                "ext-pdo": "*",
                "php": ">=7.1"
            },
            "require-dev": {
                "envms/fluent-test": "^1.0",
                "phpunit/phpunit": "^8.0"
            },
            "type": "library",
            "autoload": {
                "psr-4": {
                    "Envms\\FluentPDO\\": "src/"
                }
            },
            "notification-url": "https://packagist.org/downloads/",
            "license": [
                "Apache-2.0",
                "GPL-2.0+"
            ],
            "authors": [
                {
                    "name": "envms",
                    "homepage": "https://env.ms"
                }
            ],
            "description": "FluentPDO is a quick and light PHP library for rapid query building. It features a smart join builder, which automatically creates table joins.",
            "homepage": "https://github.com/envms/fluentpdo",
            "keywords": [
                "builder",
                "database",
                "db",
                "dbal",
                "fluent",
                "mysql",
                "oracle",
                "pdo",
                "query"
            ],
            "support": {
                "issues": "https://github.com/envms/fluentpdo/issues",
                "source": "https://github.com/envms/fluentpdo/tree/v2.2.4"
            },
            "time": "2022-01-27T21:49:44+00:00"
        }
    ],
    "packages-dev": [],
    "aliases": [],
    "minimum-stability": "stable",
    "stability-flags": [],
    "prefer-stable": false,
    "prefer-lowest": false,
    "platform": [],
    "platform-dev": [],
    "plugin-api-version": "2.0.0"
}
